dependencies:
- name: cert-manager-crds
  repository: file://../cert-manager-crds
  version: 0.1.1
- name: cert-manager
  repository: https://charts.jetstack.io
  version: v1.3.1
digest: sha256:613a00c86b6ea6c851785a123637db773c13b33a7fe87cfa6000005dd2336708
generated: "2021-04-28T11:58:00.983418962+02:00"
