dependencies:
- name: promtail
  repository: https://grafana.github.io/helm-charts
  version: 6.17.0
- name: opentelemetry-collector
  repository: https://open-telemetry.github.io/opentelemetry-helm-charts
  version: 0.127.4
digest: sha256:6233cbbadf672f3f48f95ee8238a1ce1c400cf9a08008cb9b2fe72c3a86afa8a
generated: "2025-07-17T06:35:40.859918159Z"
