dependencies:
- name: promtail
  repository: https://grafana.github.io/helm-charts
  version: 6.17.1
- name: opentelemetry-collector
  repository: https://open-telemetry.github.io/opentelemetry-helm-charts
  version: 0.134.0
digest: sha256:97750800490c5c021f543e67770fef807c338f0803b25e790ea6707d0347e604
generated: "2026-02-27T09:38:51.456480707Z"
