dependencies:
- name: promtail
  repository: https://grafana.github.io/helm-charts
  version: 6.16.4
- name: opentelemetry-collector
  repository: https://open-telemetry.github.io/opentelemetry-helm-charts
  version: 0.101.1
digest: sha256:31e8a70db287ef3a8a86d953853a7159603d7765591248c94101b0998420aac3
generated: "2024-08-02T20:07:03.623835098Z"
