dependencies:
- name: grafana
  repository: https://grafana.github.io/helm-charts
  version: 8.5.1
- name: kube-state-metrics
  repository: https://prometheus-community.github.io/helm-charts
  version: 5.25.1
- name: prometheus-node-exporter
  repository: file://../prometheus-node-exporter
  version: 1.0.17
- name: prometheus-operator
  repository: file://../prometheus-operator
  version: 2.0.3
- name: opentelemetry-operator
  repository: https://open-telemetry.github.io/opentelemetry-helm-charts
  version: 0.69.0
- name: vector-agent
  repository: https://helm.vector.dev
  version: 0.21.3
- name: promtail
  repository: https://grafana.github.io/helm-charts
  version: 6.16.5
digest: sha256:315d44966d65e581ad190803eb08963f4bddb040ac46ff194cb4342071b2ada3
generated: "2024-09-19T05:54:31.190355+02:00"
