dependencies:
- name: grafana
  repository: https://grafana.github.io/helm-charts
  version: 7.0.6
- name: kube-state-metrics
  repository: https://prometheus-community.github.io/helm-charts
  version: 5.15.2
- name: prometheus-node-exporter
  repository: file://../prometheus-node-exporter
  version: 1.0.12
- name: prometheus-operator
  repository: file://../prometheus-operator
  version: 1.0.12
- name: opentelemetry-operator
  repository: https://open-telemetry.github.io/opentelemetry-helm-charts
  version: 0.42.3
- name: vector-agent
  repository: https://helm.vector.dev
  version: 0.19.1
- name: promtail
  repository: https://grafana.github.io/helm-charts
  version: 6.15.3
digest: sha256:9cb3c1ae473aaccef3116ac895d9a7b134c3e2054ea4a6d7f004de1c712272ba
generated: "2023-11-17T01:41:25.289031028Z"
