dependencies:
- name: grafana
  repository: https://grafana.github.io/helm-charts
  version: 9.0.0
- name: kube-state-metrics
  repository: https://prometheus-community.github.io/helm-charts
  version: 5.33.1
- name: prometheus-node-exporter
  repository: file://../prometheus-node-exporter
  version: 1.0.17
- name: prometheus-operator
  repository: file://../prometheus-operator
  version: 2.0.10
- name: opentelemetry-operator
  repository: https://open-telemetry.github.io/opentelemetry-helm-charts
  version: 0.88.6
- name: vector-agent
  repository: https://helm.vector.dev
  version: 0.21.3
- name: promtail
  repository: https://grafana.github.io/helm-charts
  version: 6.16.6
digest: sha256:e56801d3b37afe1bd5b10655dc1a129d8d6ab6d3b71687e018e7cdf9845f407f
generated: "2025-05-12T18:47:23.143000479Z"