dependencies:
- name: grafana
  repository: https://grafana.github.io/helm-charts
  version: 7.3.12
- name: victoria-metrics-single
  repository: https://victoriametrics.github.io/helm-charts/
  version: 0.13.3
- name: victoria-metrics-single
  repository: https://victoriametrics.github.io/helm-charts/
  version: 0.13.3
- name: victoria-metrics-alert
  repository: https://victoriametrics.github.io/helm-charts/
  version: 0.13.4
digest: sha256:2c332d6a689ba8a2a19ca8253cec9ebcf51a58bdbdf0983c47d78218f3991e4a
generated: "2024-12-19T16:07:42.463560169Z"
