dependencies:
- name: grafana
  repository: https://grafana.github.io/helm-charts
  version: 8.8.2
- name: victoria-metrics-single
  repository: https://victoriametrics.github.io/helm-charts/
  version: 0.13.3
- name: victoria-metrics-single
  repository: https://victoriametrics.github.io/helm-charts/
  version: 0.13.3
- name: victoria-metrics-alert
  repository: https://victoriametrics.github.io/helm-charts/
  version: 0.13.4
digest: sha256:8d6b0eea290e880a7ec08b8c53c9518e78c0af5acf12fc214dd26dc5e54fdda9
generated: "2025-01-03T08:09:10.277200723Z"
